
Microsoft Visual Studio Solution File, Format Version 12.00
# Visual Studio Version 17
VisualStudioVersion = 17.0.32014.148
MinimumVisualStudioVersion = 10.0.40219.1
Project("{2150E333-8FDC-42A3-9474-1A3956D46DE8}") = "src", "src", "{15A76BAF-7EBA-46E8-B811-0ADA5277F153}"
EndProject
Project("{2150E333-8FDC-42A3-9474-1A3956D46DE8}") = "tests", "tests", "{0B5B94ED-C61B-4232-BB04-C1EEB522BFD4}"
EndProject
Project("{2150E333-8FDC-42A3-9474-1A3956D46DE8}") = "VoordApp", "VoordApp", "{B163C7C1-BBBD-405C-9770-133A80F34E1B}"
EndProject
Project("{FAE04EC0-301F-11D3-BF4B-00C04F79EFBC}") = "MJT.Voord.VoordApp", "src\MJT.Voord.VoordApp\MJT.Voord.VoordApp.csproj", "{4455C256-0D3A-4CFC-8D27-2212254FB023}"
EndProject
Project("{2150E333-8FDC-42A3-9474-1A3956D46DE8}") = "VotingDomain", "VotingDomain", "{FFB1F4B4-8E7A-4A6D-AD5E-18BF92B9651E}"
EndProject
Project("{FAE04EC0-301F-11D3-BF4B-00C04F79EFBC}") = "MJT.Voord.VotingDomain.Types", "src\MJT.Voord.VotingDomain.Types\MJT.Voord.VotingDomain.Types.csproj", "{563BACE2-4174-4176-8253-EACD9B95B195}"
EndProject
Project("{2150E333-8FDC-42A3-9474-1A3956D46DE8}") = "VotingDomain", "VotingDomain", "{1670B8FC-0374-41CD-9A8B-022A7F6C68FC}"
EndProject
Project("{FAE04EC0-301F-11D3-BF4B-00C04F79EFBC}") = "MJT.Voord.VotingDomain.Types.Tests", "tests\MJT.Voord.VotingDomain.Types.Tests\MJT.Voord.VotingDomain.Types.Tests.csproj", "{982EAE51-25D1-479E-93E6-3821DC5D375E}"
EndProject
Project("{2150E333-8FDC-42A3-9474-1A3956D46DE8}") = "Loading", "Loading", "{D015E4B0-AD50-4329-B7B9-2BC327D34308}"
EndProject
Project("{2150E333-8FDC-42A3-9474-1A3956D46DE8}") = "Loading", "Loading", "{88AA71D8-8DD9-4167-BD24-37A65C3A310E}"
EndProject
Project("{FAE04EC0-301F-11D3-BF4B-00C04F79EFBC}") = "MJT.Voord.Loading.LoadingService.Api", "src\MJT.Voord.Loading.LoadingService.Api\MJT.Voord.Loading.LoadingService.Api.csproj", "{33C38AAB-2A6E-40B8-9CD9-91F1621993CF}"
EndProject
Project("{FAE04EC0-301F-11D3-BF4B-00C04F79EFBC}") = "MJT.Voord.Loading.LoadingService.Types", "src\MJT.Voord.Loading.LoadingService.Types\MJT.Voord.Loading.LoadingService.Types.csproj", "{C53DB620-7059-46EA-ADB7-1DA50E12898C}"
EndProject
Project("{FAE04EC0-301F-11D3-BF4B-00C04F79EFBC}") = "MJT.Voord.Loading.LoadingService.Types.Tests", "tests\MJT.Voord.Loading.LoadingService.Types.Tests\MJT.Voord.Loading.LoadingService.Types.Tests.csproj", "{97ADFE56-2A77-4A02-B82A-2BE2EFB384AF}"
EndProject
Project("{2150E333-8FDC-42A3-9474-1A3956D46DE8}") = "TestBuilders", "TestBuilders", "{51D57F2F-C328-49F9-9B60-C8108FFF4244}"
EndProject
Project("{FAE04EC0-301F-11D3-BF4B-00C04F79EFBC}") = "MJT.Voord.TestBuilders.UtilityMockers", "tests\MJT.Voord.TestBuilders.UtilityMockers\MJT.Voord.TestBuilders.UtilityMockers.csproj", "{2BF541CD-F28A-4FB5-99DA-8C21B43ADE82}"
EndProject
Project("{2150E333-8FDC-42A3-9474-1A3956D46DE8}") = "Data", "Data", "{025B748B-377E-43E2-8B58-6D1319767912}"
EndProject
Project("{FAE04EC0-301F-11D3-BF4B-00C04F79EFBC}") = "MJT.Voord.Data.DataGatewayService.Api", "src\MJT.Voord.Data.DataGatewayService.Api\MJT.Voord.Data.DataGatewayService.Api.csproj", "{77BE959B-F357-4EA3-9F01-4FCB4D9B7CDA}"
EndProject
Project("{FAE04EC0-301F-11D3-BF4B-00C04F79EFBC}") = "MJT.Voord.Data.DataGatewayService.Types", "src\MJT.Voord.Data.DataGatewayService.Types\MJT.Voord.Data.DataGatewayService.Types.csproj", "{BFD1DE44-D621-4D90-91E2-0795F2F1F2FB}"
EndProject
Project("{2150E333-8FDC-42A3-9474-1A3956D46DE8}") = "Results", "Results", "{6B37B72A-AC4B-4F87-866E-24F8FF636D76}"
EndProject
Project("{FAE04EC0-301F-11D3-BF4B-00C04F79EFBC}") = "MJT.Voord.Results.Models", "src\MJT.Voord.Results.Models\MJT.Voord.Results.Models.csproj", "{51D0E348-A92D-4739-8418-D768B28E01FC}"
EndProject
Project("{FAE04EC0-301F-11D3-BF4B-00C04F79EFBC}") = "MJT.Voord.Results.ResultsService.Api", "src\MJT.Voord.Results.ResultsService.Api\MJT.Voord.Results.ResultsService.Api.csproj", "{6BE59461-083C-4C9C-9891-D59CDCC02D84}"
EndProject
Project("{FAE04EC0-301F-11D3-BF4B-00C04F79EFBC}") = "MJT.Voord.Results.ResultsService.Types", "src\MJT.Voord.Results.ResultsService.Types\MJT.Voord.Results.ResultsService.Types.csproj", "{8ABD60FE-F538-409A-8D20-691C1422BD54}"
EndProject
Project("{2150E333-8FDC-42A3-9474-1A3956D46DE8}") = "Voting", "Voting", "{31615FA0-F92D-473F-8B63-111954D31E13}"
EndProject
Global
	GlobalSection(SolutionConfigurationPlatforms) = preSolution
		Debug|Any CPU = Debug|Any CPU
		Release|Any CPU = Release|Any CPU
	EndGlobalSection
	GlobalSection(ProjectConfigurationPlatforms) = postSolution
		{4455C256-0D3A-4CFC-8D27-2212254FB023}.Debug|Any CPU.ActiveCfg = Debug|Any CPU
		{4455C256-0D3A-4CFC-8D27-2212254FB023}.Debug|Any CPU.Build.0 = Debug|Any CPU
		{4455C256-0D3A-4CFC-8D27-2212254FB023}.Release|Any CPU.ActiveCfg = Release|Any CPU
		{4455C256-0D3A-4CFC-8D27-2212254FB023}.Release|Any CPU.Build.0 = Release|Any CPU
		{563BACE2-4174-4176-8253-EACD9B95B195}.Debug|Any CPU.ActiveCfg = Debug|Any CPU
		{563BACE2-4174-4176-8253-EACD9B95B195}.Debug|Any CPU.Build.0 = Debug|Any CPU
		{563BACE2-4174-4176-8253-EACD9B95B195}.Release|Any CPU.ActiveCfg = Release|Any CPU
		{563BACE2-4174-4176-8253-EACD9B95B195}.Release|Any CPU.Build.0 = Release|Any CPU
		{982EAE51-25D1-479E-93E6-3821DC5D375E}.Debug|Any CPU.ActiveCfg = Debug|Any CPU
		{982EAE51-25D1-479E-93E6-3821DC5D375E}.Debug|Any CPU.Build.0 = Debug|Any CPU
		{982EAE51-25D1-479E-93E6-3821DC5D375E}.Release|Any CPU.ActiveCfg = Release|Any CPU
		{982EAE51-25D1-479E-93E6-3821DC5D375E}.Release|Any CPU.Build.0 = Release|Any CPU
		{33C38AAB-2A6E-40B8-9CD9-91F1621993CF}.Debug|Any CPU.ActiveCfg = Debug|Any CPU
		{33C38AAB-2A6E-40B8-9CD9-91F1621993CF}.Debug|Any CPU.Build.0 = Debug|Any CPU
		{33C38AAB-2A6E-40B8-9CD9-91F1621993CF}.Release|Any CPU.ActiveCfg = Release|Any CPU
		{33C38AAB-2A6E-40B8-9CD9-91F1621993CF}.Release|Any CPU.Build.0 = Release|Any CPU
		{C53DB620-7059-46EA-ADB7-1DA50E12898C}.Debug|Any CPU.ActiveCfg = Debug|Any CPU
		{C53DB620-7059-46EA-ADB7-1DA50E12898C}.Debug|Any CPU.Build.0 = Debug|Any CPU
		{C53DB620-7059-46EA-ADB7-1DA50E12898C}.Release|Any CPU.ActiveCfg = Release|Any CPU
		{C53DB620-7059-46EA-ADB7-1DA50E12898C}.Release|Any CPU.Build.0 = Release|Any CPU
		{97ADFE56-2A77-4A02-B82A-2BE2EFB384AF}.Debug|Any CPU.ActiveCfg = Debug|Any CPU
		{97ADFE56-2A77-4A02-B82A-2BE2EFB384AF}.Debug|Any CPU.Build.0 = Debug|Any CPU
		{97ADFE56-2A77-4A02-B82A-2BE2EFB384AF}.Release|Any CPU.ActiveCfg = Release|Any CPU
		{97ADFE56-2A77-4A02-B82A-2BE2EFB384AF}.Release|Any CPU.Build.0 = Release|Any CPU
		{2BF541CD-F28A-4FB5-99DA-8C21B43ADE82}.Debug|Any CPU.ActiveCfg = Debug|Any CPU
		{2BF541CD-F28A-4FB5-99DA-8C21B43ADE82}.Debug|Any CPU.Build.0 = Debug|Any CPU
		{2BF541CD-F28A-4FB5-99DA-8C21B43ADE82}.Release|Any CPU.ActiveCfg = Release|Any CPU
		{2BF541CD-F28A-4FB5-99DA-8C21B43ADE82}.Release|Any CPU.Build.0 = Release|Any CPU
		{77BE959B-F357-4EA3-9F01-4FCB4D9B7CDA}.Debug|Any CPU.ActiveCfg = Debug|Any CPU
		{77BE959B-F357-4EA3-9F01-4FCB4D9B7CDA}.Debug|Any CPU.Build.0 = Debug|Any CPU
		{77BE959B-F357-4EA3-9F01-4FCB4D9B7CDA}.Release|Any CPU.ActiveCfg = Release|Any CPU
		{77BE959B-F357-4EA3-9F01-4FCB4D9B7CDA}.Release|Any CPU.Build.0 = Release|Any CPU
		{BFD1DE44-D621-4D90-91E2-0795F2F1F2FB}.Debug|Any CPU.ActiveCfg = Debug|Any CPU
		{BFD1DE44-D621-4D90-91E2-0795F2F1F2FB}.Debug|Any CPU.Build.0 = Debug|Any CPU
		{BFD1DE44-D621-4D90-91E2-0795F2F1F2FB}.Release|Any CPU.ActiveCfg = Release|Any CPU
		{BFD1DE44-D621-4D90-91E2-0795F2F1F2FB}.Release|Any CPU.Build.0 = Release|Any CPU
		{51D0E348-A92D-4739-8418-D768B28E01FC}.Debug|Any CPU.ActiveCfg = Debug|Any CPU
		{51D0E348-A92D-4739-8418-D768B28E01FC}.Debug|Any CPU.Build.0 = Debug|Any CPU
		{51D0E348-A92D-4739-8418-D768B28E01FC}.Release|Any CPU.ActiveCfg = Release|Any CPU
		{51D0E348-A92D-4739-8418-D768B28E01FC}.Release|Any CPU.Build.0 = Release|Any CPU
		{6BE59461-083C-4C9C-9891-D59CDCC02D84}.Debug|Any CPU.ActiveCfg = Debug|Any CPU
		{6BE59461-083C-4C9C-9891-D59CDCC02D84}.Debug|Any CPU.Build.0 = Debug|Any CPU
		{6BE59461-083C-4C9C-9891-D59CDCC02D84}.Release|Any CPU.ActiveCfg = Release|Any CPU
		{6BE59461-083C-4C9C-9891-D59CDCC02D84}.Release|Any CPU.Build.0 = Release|Any CPU
		{8ABD60FE-F538-409A-8D20-691C1422BD54}.Debug|Any CPU.ActiveCfg = Debug|Any CPU
		{8ABD60FE-F538-409A-8D20-691C1422BD54}.Debug|Any CPU.Build.0 = Debug|Any CPU
		{8ABD60FE-F538-409A-8D20-691C1422BD54}.Release|Any CPU.ActiveCfg = Release|Any CPU
		{8ABD60FE-F538-409A-8D20-691C1422BD54}.Release|Any CPU.Build.0 = Release|Any CPU
	EndGlobalSection
	GlobalSection(SolutionProperties) = preSolution
		HideSolutionNode = FALSE
	EndGlobalSection
	GlobalSection(NestedProjects) = preSolution
		{B163C7C1-BBBD-405C-9770-133A80F34E1B} = {15A76BAF-7EBA-46E8-B811-0ADA5277F153}
		{4455C256-0D3A-4CFC-8D27-2212254FB023} = {B163C7C1-BBBD-405C-9770-133A80F34E1B}
		{FFB1F4B4-8E7A-4A6D-AD5E-18BF92B9651E} = {15A76BAF-7EBA-46E8-B811-0ADA5277F153}
		{563BACE2-4174-4176-8253-EACD9B95B195} = {FFB1F4B4-8E7A-4A6D-AD5E-18BF92B9651E}
		{1670B8FC-0374-41CD-9A8B-022A7F6C68FC} = {0B5B94ED-C61B-4232-BB04-C1EEB522BFD4}
		{982EAE51-25D1-479E-93E6-3821DC5D375E} = {1670B8FC-0374-41CD-9A8B-022A7F6C68FC}
		{D015E4B0-AD50-4329-B7B9-2BC327D34308} = {15A76BAF-7EBA-46E8-B811-0ADA5277F153}
		{88AA71D8-8DD9-4167-BD24-37A65C3A310E} = {0B5B94ED-C61B-4232-BB04-C1EEB522BFD4}
		{33C38AAB-2A6E-40B8-9CD9-91F1621993CF} = {D015E4B0-AD50-4329-B7B9-2BC327D34308}
		{C53DB620-7059-46EA-ADB7-1DA50E12898C} = {D015E4B0-AD50-4329-B7B9-2BC327D34308}
		{97ADFE56-2A77-4A02-B82A-2BE2EFB384AF} = {88AA71D8-8DD9-4167-BD24-37A65C3A310E}
		{51D57F2F-C328-49F9-9B60-C8108FFF4244} = {0B5B94ED-C61B-4232-BB04-C1EEB522BFD4}
		{2BF541CD-F28A-4FB5-99DA-8C21B43ADE82} = {51D57F2F-C328-49F9-9B60-C8108FFF4244}
		{025B748B-377E-43E2-8B58-6D1319767912} = {15A76BAF-7EBA-46E8-B811-0ADA5277F153}
		{77BE959B-F357-4EA3-9F01-4FCB4D9B7CDA} = {025B748B-377E-43E2-8B58-6D1319767912}
		{BFD1DE44-D621-4D90-91E2-0795F2F1F2FB} = {025B748B-377E-43E2-8B58-6D1319767912}
		{6B37B72A-AC4B-4F87-866E-24F8FF636D76} = {15A76BAF-7EBA-46E8-B811-0ADA5277F153}
		{51D0E348-A92D-4739-8418-D768B28E01FC} = {6B37B72A-AC4B-4F87-866E-24F8FF636D76}
		{6BE59461-083C-4C9C-9891-D59CDCC02D84} = {6B37B72A-AC4B-4F87-866E-24F8FF636D76}
		{8ABD60FE-F538-409A-8D20-691C1422BD54} = {6B37B72A-AC4B-4F87-866E-24F8FF636D76}
		{31615FA0-F92D-473F-8B63-111954D31E13} = {15A76BAF-7EBA-46E8-B811-0ADA5277F153}
	EndGlobalSection
	GlobalSection(ExtensibilityGlobals) = postSolution
		SolutionGuid = {3B530B3E-45D5-40B6-9FE3-8A721BA4B0D2}
	EndGlobalSection
EndGlobal
